
Microsoft Visual Studio Solution File, Format Version 12.00
# Visual Studio Version 17
VisualStudioVersion = 17.7.34031.279
MinimumVisualStudioVersion = 10.0.40219.1
Project("{FAE04EC0-301F-11D3-BF4B-00C04F79EFBC}") = "AssignmentDay3Level", "AssignmentDay3Level.csproj", "{CF3E704A-B62E-47A2-AF05-109AB1A470BD}"
EndProject
Global
	GlobalSection(SolutionConfigurationPlatforms) = preSolution
		Debug|Any CPU = Debug|Any CPU
		Release|Any CPU = Release|Any CPU
	EndGlobalSection
	GlobalSection(ProjectConfigurationPlatforms) = postSolution
		{CF3E704A-B62E-47A2-AF05-109AB1A470BD}.Debug|Any CPU.ActiveCfg = Debug|Any CPU
		{CF3E704A-B62E-47A2-AF05-109AB1A470BD}.Debug|Any CPU.Build.0 = Debug|Any CPU
		{CF3E704A-B62E-47A2-AF05-109AB1A470BD}.Release|Any CPU.ActiveCfg = Release|Any CPU
		{CF3E704A-B62E-47A2-AF05-109AB1A470BD}.Release|Any CPU.Build.0 = Release|Any CPU
	EndGlobalSection
	GlobalSection(SolutionProperties) = preSolution
		HideSolutionNode = FALSE
	EndGlobalSection
	GlobalSection(ExtensibilityGlobals) = postSolution
		SolutionGuid = {FD2F4A91-9FE0-401E-8A30-CDAAEB291127}
	EndGlobalSection
EndGlobal
